
Microsoft Visual Studio Solution File, Format Version 12.00
# Visual Studio 15
VisualStudioVersion = 15.0.26730.12
MinimumVisualStudioVersion = 10.0.40219.1
Project("{9A19103F-16F7-4668-BE54-9A1E7A4F7556}") = "CoreUtils", "CoreUtils\System1Group.Lib.CoreUtils.csproj", "{47E46426-2D9C-4557-9D65-E178F452683D}"
EndProject
Project("{FAE04EC0-301F-11D3-BF4B-00C04F79EFBC}") = "CoreUtils.Tests", "CoreUtils.Tests\System1Group.Lib.CoreUtils.Tests.csproj", "{ED293455-80F0-4C14-9C32-DCED9471BE03}"
EndProject
Global
	GlobalSection(SolutionConfigurationPlatforms) = preSolution
		Debug|Any CPU = Debug|Any CPU
		Release|Any CPU = Release|Any CPU
	EndGlobalSection
	GlobalSection(ProjectConfigurationPlatforms) = postSolution
		{47E46426-2D9C-4557-9D65-E178F452683D}.Debug|Any CPU.ActiveCfg = Debug|Any CPU
		{47E46426-2D9C-4557-9D65-E178F452683D}.Debug|Any CPU.Build.0 = Debug|Any CPU
		{47E46426-2D9C-4557-9D65-E178F452683D}.Release|Any CPU.ActiveCfg = Release|Any CPU
		{47E46426-2D9C-4557-9D65-E178F452683D}.Release|Any CPU.Build.0 = Release|Any CPU
		{ED293455-80F0-4C14-9C32-DCED9471BE03}.Debug|Any CPU.ActiveCfg = Debug|Any CPU
		{ED293455-80F0-4C14-9C32-DCED9471BE03}.Debug|Any CPU.Build.0 = Debug|Any CPU
		{ED293455-80F0-4C14-9C32-DCED9471BE03}.Release|Any CPU.ActiveCfg = Release|Any CPU
		{ED293455-80F0-4C14-9C32-DCED9471BE03}.Release|Any CPU.Build.0 = Release|Any CPU
	EndGlobalSection
	GlobalSection(SolutionProperties) = preSolution
		HideSolutionNode = FALSE
	EndGlobalSection
	GlobalSection(ExtensibilityGlobals) = postSolution
		SolutionGuid = {6A1B3B7D-5FE1-42F1-B587-6A95C0647FDA}
	EndGlobalSection
EndGlobal
